// !$*UTF8*$!
{
	archiveVersion = 1;
	classes = {
	};
	objectVersion = 55;
	objects = {

/* Begin PBXBuildFile section */
		D00947EC28AFD05000B66DC4 /* SignUpViewController.swift in Sources */ = {isa = PBXBuildFile; fileRef = D00947EB28AFD05000B66DC4 /* SignUpViewController.swift */; };
		D00947EE28AFD05800B66DC4 /* SignUpView.swift in Sources */ = {isa = PBXBuildFile; fileRef = D00947ED28AFD05800B66DC4 /* SignUpView.swift */; };
		D00947F028AFD3CB00B66DC4 /* SignUpTextField.swift in Sources */ = {isa = PBXBuildFile; fileRef = D00947EF28AFD3CB00B66DC4 /* SignUpTextField.swift */; };
		D08F88D728AC71C300441952 /* CodeViewController.swift in Sources */ = {isa = PBXBuildFile; fileRef = D08F88D628AC71C300441952 /* CodeViewController.swift */; };
		D08F88DA28AC81B200441952 /* SnapKit in Frameworks */ = {isa = PBXBuildFile; productRef = D08F88D928AC81B200441952 /* SnapKit */; };
		D08F88DC28AC823200441952 /* CodeSnapViewController.swift in Sources */ = {isa = PBXBuildFile; fileRef = D08F88DB28AC823200441952 /* CodeSnapViewController.swift */; };
		D08F88DE28AC8C0F00441952 /* CodeSnap2ViewController.swift in Sources */ = {isa = PBXBuildFile; fileRef = D08F88DD28AC8C0F00441952 /* CodeSnap2ViewController.swift */; };
		D096F7C328ADDF1400BCBC4C /* UIViewController+Extension.swift in Sources */ = {isa = PBXBuildFile; fileRef = D096F7C228ADDF1400BCBC4C /* UIViewController+Extension.swift */; };
		D096F7C728ADE60E00BCBC4C /* ProfileViewController.swift in Sources */ = {isa = PBXBuildFile; fileRef = D096F7C628ADE60E00BCBC4C /* ProfileViewController.swift */; };
		D0A09F5528AF6AD0005D7429 /* NetflixViewController.swift in Sources */ = {isa = PBXBuildFile; fileRef = D0A09F5428AF6AD0005D7429 /* NetflixViewController.swift */; };
		D0A09F5A28AF6B95005D7429 /* NetflixView.swift in Sources */ = {isa = PBXBuildFile; fileRef = D0A09F5928AF6B95005D7429 /* NetflixView.swift */; };
		D0A09F5D28AF7854005D7429 /* WhiteTextButton.swift in Sources */ = {isa = PBXBuildFile; fileRef = D0A09F5C28AF7854005D7429 /* WhiteTextButton.swift */; };
		D0A09F6128AF9038005D7429 /* CircleImageView.swift in Sources */ = {isa = PBXBuildFile; fileRef = D0A09F6028AF9038005D7429 /* CircleImageView.swift */; };
		D0A4F5CB28AF1275004E0B13 /* BaseViewController.swift in Sources */ = {isa = PBXBuildFile; fileRef = D0A4F5CA28AF1275004E0B13 /* BaseViewController.swift */; };
		D0A4F5CE28AF1443004E0B13 /* WriteViewController.swift in Sources */ = {isa = PBXBuildFile; fileRef = D0A4F5CD28AF1443004E0B13 /* WriteViewController.swift */; };
		D0A4F5D028AF16AD004E0B13 /* BaseView.swift in Sources */ = {isa = PBXBuildFile; fileRef = D0A4F5CF28AF16AD004E0B13 /* BaseView.swift */; };
		D0A4F5D228AF179B004E0B13 /* WriteView.swift in Sources */ = {isa = PBXBuildFile; fileRef = D0A4F5D128AF179B004E0B13 /* WriteView.swift */; };
		D0A4F5D628AF2CFE004E0B13 /* BlackRadiusTextField.swift in Sources */ = {isa = PBXBuildFile; fileRef = D0A4F5D528AF2CFE004E0B13 /* BlackRadiusTextField.swift */; };
		D0BB025828AE999B00B4EEB5 /* CodeBaseAppleMusicViewController.swift in Sources */ = {isa = PBXBuildFile; fileRef = D0BB025728AE999B00B4EEB5 /* CodeBaseAppleMusicViewController.swift */; };
		D0CEAF4128AB1FCD00F30EF2 /* AppDelegate.swift in Sources */ = {isa = PBXBuildFile; fileRef = D0CEAF4028AB1FCD00F30EF2 /* AppDelegate.swift */; };
		D0CEAF4328AB1FCD00F30EF2 /* SceneDelegate.swift in Sources */ = {isa = PBXBuildFile; fileRef = D0CEAF4228AB1FCD00F30EF2 /* SceneDelegate.swift */; };
		D0CEAF4528AB1FCD00F30EF2 /* ViewController.swift in Sources */ = {isa = PBXBuildFile; fileRef = D0CEAF4428AB1FCD00F30EF2 /* ViewController.swift */; };
		D0CEAF4828AB1FCD00F30EF2 /* Main.storyboard in Resources */ = {isa = PBXBuildFile; fileRef = D0CEAF4628AB1FCD00F30EF2 /* Main.storyboard */; };
		D0CEAF4A28AB1FCD00F30EF2 /* Assets.xcassets in Resources */ = {isa = PBXBuildFile; fileRef = D0CEAF4928AB1FCD00F30EF2 /* Assets.xcassets */; };
		D0CEAF4D28AB1FCD00F30EF2 /* LaunchScreen.storyboard in Resources */ = {isa = PBXBuildFile; fileRef = D0CEAF4B28AB1FCD00F30EF2 /* LaunchScreen.storyboard */; };
		D0E6E61428ACBA27008B0C4F /* CodeBaseKakaoProfileViewController.swift in Sources */ = {isa = PBXBuildFile; fileRef = D0E6E61328ACBA27008B0C4F /* CodeBaseKakaoProfileViewController.swift */; };
		D0E6E61928ACCFEB008B0C4F /* UIButton+Extension.swift in Sources */ = {isa = PBXBuildFile; fileRef = D0E6E61828ACCFEB008B0C4F /* UIButton+Extension.swift */; };
		D0E6E61B28ACF10D008B0C4F /* CodeBaseBeminViewController.swift in Sources */ = {isa = PBXBuildFile; fileRef = D0E6E61A28ACF10D008B0C4F /* CodeBaseBeminViewController.swift */; };
		D0F8382E28AB2C65006BFBC7 /* SeSacUIFramwork.framework in Frameworks */ = {isa = PBXBuildFile; fileRef = D0F8382B28AB2C54006BFBC7 /* SeSacUIFramwork.framework */; };
		D0F8382F28AB2C65006BFBC7 /* SeSacUIFramwork.framework in Embed Frameworks */ = {isa = PBXBuildFile; fileRef = D0F8382B28AB2C54006BFBC7 /* SeSacUIFramwork.framework */; settings = {ATTRIBUTES = (CodeSignOnCopy, RemoveHeadersOnCopy, ); }; };
		D0F8383228AB3A6D006BFBC7 /* WalkThrough.storyboard in Resources */ = {isa = PBXBuildFile; fileRef = D0F8383128AB3A6D006BFBC7 /* WalkThrough.storyboard */; };
		D0F8383428AB3A91006BFBC7 /* FirstViewController.swift in Sources */ = {isa = PBXBuildFile; fileRef = D0F8383328AB3A91006BFBC7 /* FirstViewController.swift */; };
		D0F8383628AB40C1006BFBC7 /* SecondViewController.swift in Sources */ = {isa = PBXBuildFile; fileRef = D0F8383528AB40C1006BFBC7 /* SecondViewController.swift */; };
		D0F8383828AB40CD006BFBC7 /* ThirdViewController.swift in Sources */ = {isa = PBXBuildFile; fileRef = D0F8383728AB40CD006BFBC7 /* ThirdViewController.swift */; };
		D0F8383A28AB40E8006BFBC7 /* WalkThroughViewController.swift in Sources */ = {isa = PBXBuildFile; fileRef = D0F8383928AB40E8006BFBC7 /* WalkThroughViewController.swift */; };
/* End PBXBuildFile section */

/* Begin PBXContainerItemProxy section */
		D0F8382A28AB2C54006BFBC7 /* PBXContainerItemProxy */ = {
			isa = PBXContainerItemProxy;
			containerPortal = D0F8382528AB2C54006BFBC7 /* SeSacUIFramwork.xcodeproj */;
			proxyType = 2;
			remoteGlobalIDString = D0CEAF1828AB1BBC00F30EF2;
			remoteInfo = SeSacUIFramwork;
		};
		D0F8382C28AB2C54006BFBC7 /* PBXContainerItemProxy */ = {
			isa = PBXContainerItemProxy;
			containerPortal = D0F8382528AB2C54006BFBC7 /* SeSacUIFramwork.xcodeproj */;
			proxyType = 2;
			remoteGlobalIDString = D0CEAF2228AB1BBC00F30EF2;
			remoteInfo = SeSacUIFramworkTests;
		};
/* End PBXContainerItemProxy section */

/* Begin PBXCopyFilesBuildPhase section */
		D0F8381E28AB20E5006BFBC7 /* Embed Frameworks */ = {
			isa = PBXCopyFilesBuildPhase;
			buildActionMask = 2147483647;
			dstPath = "";
			dstSubfolderSpec = 10;
			files = (
				D0F8382F28AB2C65006BFBC7 /* SeSacUIFramwork.framework in Embed Frameworks */,
			);
			name = "Embed Frameworks";
			runOnlyForDeploymentPostprocessing = 0;
		};
/* End PBXCopyFilesBuildPhase section */

/* Begin PBXFileReference section */
		D00947EB28AFD05000B66DC4 /* SignUpViewController.swift */ = {isa = PBXFileReference; lastKnownFileType = sourcecode.swift; path = SignUpViewController.swift; sourceTree = "<group>"; };
		D00947ED28AFD05800B66DC4 /* SignUpView.swift */ = {isa = PBXFileReference; lastKnownFileType = sourcecode.swift; path = SignUpView.swift; sourceTree = "<group>"; };
		D00947EF28AFD3CB00B66DC4 /* SignUpTextField.swift */ = {isa = PBXFileReference; lastKnownFileType = sourcecode.swift; path = SignUpTextField.swift; sourceTree = "<group>"; };
		D08F88D628AC71C300441952 /* CodeViewController.swift */ = {isa = PBXFileReference; lastKnownFileType = sourcecode.swift; path = CodeViewController.swift; sourceTree = "<group>"; };
		D08F88DB28AC823200441952 /* CodeSnapViewController.swift */ = {isa = PBXFileReference; lastKnownFileType = sourcecode.swift; path = CodeSnapViewController.swift; sourceTree = "<group>"; };
		D08F88DD28AC8C0F00441952 /* CodeSnap2ViewController.swift */ = {isa = PBXFileReference; lastKnownFileType = sourcecode.swift; path = CodeSnap2ViewController.swift; sourceTree = "<group>"; };
		D096F7C228ADDF1400BCBC4C /* UIViewController+Extension.swift */ = {isa = PBXFileReference; lastKnownFileType = sourcecode.swift; path = "UIViewController+Extension.swift"; sourceTree = "<group>"; };
		D096F7C628ADE60E00BCBC4C /* ProfileViewController.swift */ = {isa = PBXFileReference; lastKnownFileType = sourcecode.swift; path = ProfileViewController.swift; sourceTree = "<group>"; };
		D0A09F5428AF6AD0005D7429 /* NetflixViewController.swift */ = {isa = PBXFileReference; lastKnownFileType = sourcecode.swift; path = NetflixViewController.swift; sourceTree = "<group>"; };
		D0A09F5928AF6B95005D7429 /* NetflixView.swift */ = {isa = PBXFileReference; lastKnownFileType = sourcecode.swift; path = NetflixView.swift; sourceTree = "<group>"; };
		D0A09F5C28AF7854005D7429 /* WhiteTextButton.swift */ = {isa = PBXFileReference; lastKnownFileType = sourcecode.swift; path = WhiteTextButton.swift; sourceTree = "<group>"; };
		D0A09F6028AF9038005D7429 /* CircleImageView.swift */ = {isa = PBXFileReference; lastKnownFileType = sourcecode.swift; path = CircleImageView.swift; sourceTree = "<group>"; };
		D0A4F5CA28AF1275004E0B13 /* BaseViewController.swift */ = {isa = PBXFileReference; lastKnownFileType = sourcecode.swift; path = BaseViewController.swift; sourceTree = "<group>"; };
		D0A4F5CD28AF1443004E0B13 /* WriteViewController.swift */ = {isa = PBXFileReference; lastKnownFileType = sourcecode.swift; path = WriteViewController.swift; sourceTree = "<group>"; };
		D0A4F5CF28AF16AD004E0B13 /* BaseView.swift */ = {isa = PBXFileReference; lastKnownFileType = sourcecode.swift; path = BaseView.swift; sourceTree = "<group>"; };
		D0A4F5D128AF179B004E0B13 /* WriteView.swift */ = {isa = PBXFileReference; lastKnownFileType = sourcecode.swift; path = WriteView.swift; sourceTree = "<group>"; };
		D0A4F5D528AF2CFE004E0B13 /* BlackRadiusTextField.swift */ = {isa = PBXFileReference; lastKnownFileType = sourcecode.swift; path = BlackRadiusTextField.swift; sourceTree = "<group>"; };
		D0BB025728AE999B00B4EEB5 /* CodeBaseAppleMusicViewController.swift */ = {isa = PBXFileReference; lastKnownFileType = sourcecode.swift; path = CodeBaseAppleMusicViewController.swift; sourceTree = "<group>"; };
		D0CEAF3D28AB1FCD00F30EF2 /* SeSacWeek7Diary.app */ = {isa = PBXFileReference; explicitFileType = wrapper.application; includeInIndex = 0; path = SeSacWeek7Diary.app; sourceTree = BUILT_PRODUCTS_DIR; };
		D0CEAF4028AB1FCD00F30EF2 /* AppDelegate.swift */ = {isa = PBXFileReference; lastKnownFileType = sourcecode.swift; path = AppDelegate.swift; sourceTree = "<group>"; };
		D0CEAF4228AB1FCD00F30EF2 /* SceneDelegate.swift */ = {isa = PBXFileReference; lastKnownFileType = sourcecode.swift; path = SceneDelegate.swift; sourceTree = "<group>"; };
		D0CEAF4428AB1FCD00F30EF2 /* ViewController.swift */ = {isa = PBXFileReference; lastKnownFileType = sourcecode.swift; path = ViewController.swift; sourceTree = "<group>"; };
		D0CEAF4728AB1FCD00F30EF2 /* Base */ = {isa = PBXFileReference; lastKnownFileType = file.storyboard; name = Base; path = Base.lproj/Main.storyboard; sourceTree = "<group>"; };
		D0CEAF4928AB1FCD00F30EF2 /* Assets.xcassets */ = {isa = PBXFileReference; lastKnownFileType = folder.assetcatalog; path = Assets.xcassets; sourceTree = "<group>"; };
		D0CEAF4C28AB1FCD00F30EF2 /* Base */ = {isa = PBXFileReference; lastKnownFileType = file.storyboard; name = Base; path = Base.lproj/LaunchScreen.storyboard; sourceTree = "<group>"; };
		D0CEAF4E28AB1FCD00F30EF2 /* Info.plist */ = {isa = PBXFileReference; lastKnownFileType = text.plist.xml; path = Info.plist; sourceTree = "<group>"; };
		D0E6E61328ACBA27008B0C4F /* CodeBaseKakaoProfileViewController.swift */ = {isa = PBXFileReference; lastKnownFileType = sourcecode.swift; path = CodeBaseKakaoProfileViewController.swift; sourceTree = "<group>"; };
		D0E6E61828ACCFEB008B0C4F /* UIButton+Extension.swift */ = {isa = PBXFileReference; lastKnownFileType = sourcecode.swift; path = "UIButton+Extension.swift"; sourceTree = "<group>"; };
		D0E6E61A28ACF10D008B0C4F /* CodeBaseBeminViewController.swift */ = {isa = PBXFileReference; lastKnownFileType = sourcecode.swift; path = CodeBaseBeminViewController.swift; sourceTree = "<group>"; };
		D0F8382528AB2C54006BFBC7 /* SeSacUIFramwork.xcodeproj */ = {isa = PBXFileReference; lastKnownFileType = "wrapper.pb-project"; name = SeSacUIFramwork.xcodeproj; path = ../SeSacUIFramwork/SeSacUIFramwork.xcodeproj; sourceTree = "<group>"; };
		D0F8383128AB3A6D006BFBC7 /* WalkThrough.storyboard */ = {isa = PBXFileReference; lastKnownFileType = file.storyboard; path = WalkThrough.storyboard; sourceTree = "<group>"; };
		D0F8383328AB3A91006BFBC7 /* FirstViewController.swift */ = {isa = PBXFileReference; lastKnownFileType = sourcecode.swift; path = FirstViewController.swift; sourceTree = "<group>"; };
		D0F8383528AB40C1006BFBC7 /* SecondViewController.swift */ = {isa = PBXFileReference; lastKnownFileType = sourcecode.swift; path = SecondViewController.swift; sourceTree = "<group>"; };
		D0F8383728AB40CD006BFBC7 /* ThirdViewController.swift */ = {isa = PBXFileReference; lastKnownFileType = sourcecode.swift; path = ThirdViewController.swift; sourceTree = "<group>"; };
		D0F8383928AB40E8006BFBC7 /* WalkThroughViewController.swift */ = {isa = PBXFileReference; lastKnownFileType = sourcecode.swift; path = WalkThroughViewController.swift; sourceTree = "<group>"; };
/* End PBXFileReference section */

/* Begin PBXFrameworksBuildPhase section */
		D0CEAF3A28AB1FCD00F30EF2 /* Frameworks */ = {
			isa = PBXFrameworksBuildPhase;
			buildActionMask = 2147483647;
			files = (
				D0F8382E28AB2C65006BFBC7 /* SeSacUIFramwork.framework in Frameworks */,
				D08F88DA28AC81B200441952 /* SnapKit in Frameworks */,
			);
			runOnlyForDeploymentPostprocessing = 0;
		};
/* End PBXFrameworksBuildPhase section */

/* Begin PBXGroup section */
		D00947E728AFCFB200B66DC4 /* Main */ = {
			isa = PBXGroup;
			children = (
				D0A09F5428AF6AD0005D7429 /* NetflixViewController.swift */,
				D0A09F5928AF6B95005D7429 /* NetflixView.swift */,
			);
			path = Main;
			sourceTree = "<group>";
		};
		D00947EA28AFCFC600B66DC4 /* SignUp */ = {
			isa = PBXGroup;
			children = (
				D00947EB28AFD05000B66DC4 /* SignUpViewController.swift */,
				D00947ED28AFD05800B66DC4 /* SignUpView.swift */,
			);
			path = SignUp;
			sourceTree = "<group>";
		};
		D083FAFE28ABE26B00931B25 /* App */ = {
			isa = PBXGroup;
			children = (
				D0CEAF4028AB1FCD00F30EF2 /* AppDelegate.swift */,
				D0CEAF4228AB1FCD00F30EF2 /* SceneDelegate.swift */,
			);
			path = App;
			sourceTree = "<group>";
		};
		D08F88D328AC71B100441952 /* CodeBase */ = {
			isa = PBXGroup;
			children = (
				D096F7C628ADE60E00BCBC4C /* ProfileViewController.swift */,
				D08F88D628AC71C300441952 /* CodeViewController.swift */,
				D08F88DB28AC823200441952 /* CodeSnapViewController.swift */,
				D08F88DD28AC8C0F00441952 /* CodeSnap2ViewController.swift */,
				D0E6E61328ACBA27008B0C4F /* CodeBaseKakaoProfileViewController.swift */,
				D0E6E61A28ACF10D008B0C4F /* CodeBaseBeminViewController.swift */,
				D0BB025728AE999B00B4EEB5 /* CodeBaseAppleMusicViewController.swift */,
			);
			path = CodeBase;
			sourceTree = "<group>";
		};
		D0A09F5828AF6B65005D7429 /* Netflix */ = {
			isa = PBXGroup;
			children = (
				D00947E728AFCFB200B66DC4 /* Main */,
				D00947EA28AFCFC600B66DC4 /* SignUp */,
			);
			path = Netflix;
			sourceTree = "<group>";
		};
		D0A09F5B28AF7812005D7429 /* NetflixCustomView */ = {
			isa = PBXGroup;
			children = (
				D0A09F5C28AF7854005D7429 /* WhiteTextButton.swift */,
				D0A09F6028AF9038005D7429 /* CircleImageView.swift */,
				D00947EF28AFD3CB00B66DC4 /* SignUpTextField.swift */,
			);
			path = NetflixCustomView;
			sourceTree = "<group>";
		};
		D0A4F5C728AF1256004E0B13 /* Utility */ = {
			isa = PBXGroup;
			children = (
				D0A09F5B28AF7812005D7429 /* NetflixCustomView */,
				D0A4F5D728AF2D07004E0B13 /* DiaryCustomView */,
				D0A4F5CA28AF1275004E0B13 /* BaseViewController.swift */,
				D0A4F5CF28AF16AD004E0B13 /* BaseView.swift */,
			);
			path = Utility;
			sourceTree = "<group>";
		};
		D0A4F5CC28AF141A004E0B13 /* Diary */ = {
			isa = PBXGroup;
			children = (
				D0A4F5CD28AF1443004E0B13 /* WriteViewController.swift */,
				D0A4F5D128AF179B004E0B13 /* WriteView.swift */,
			);
			path = Diary;
			sourceTree = "<group>";
		};
		D0A4F5D728AF2D07004E0B13 /* DiaryCustomView */ = {
			isa = PBXGroup;
			children = (
				D0A4F5D528AF2CFE004E0B13 /* BlackRadiusTextField.swift */,
			);
			path = DiaryCustomView;
			sourceTree = "<group>";
		};
		D0CEAF3428AB1FCD00F30EF2 = {
			isa = PBXGroup;
			children = (
				D0F8382528AB2C54006BFBC7 /* SeSacUIFramwork.xcodeproj */,
				D0CEAF3F28AB1FCD00F30EF2 /* SeSacWeek7Diary */,
				D0CEAF3E28AB1FCD00F30EF2 /* Products */,
				D0F8381928AB20E5006BFBC7 /* Frameworks */,
			);
			sourceTree = "<group>";
		};
		D0CEAF3E28AB1FCD00F30EF2 /* Products */ = {
			isa = PBXGroup;
			children = (
				D0CEAF3D28AB1FCD00F30EF2 /* SeSacWeek7Diary.app */,
			);
			name = Products;
			sourceTree = "<group>";
		};
		D0CEAF3F28AB1FCD00F30EF2 /* SeSacWeek7Diary */ = {
			isa = PBXGroup;
			children = (
				D0A09F5828AF6B65005D7429 /* Netflix */,
				D0A4F5CC28AF141A004E0B13 /* Diary */,
				D0A4F5C728AF1256004E0B13 /* Utility */,
				D0E6E61728ACCFE0008B0C4F /* Extension */,
				D083FAFE28ABE26B00931B25 /* App */,
				D0F8383028AB3A4C006BFBC7 /* WalkThrough */,
				D08F88D328AC71B100441952 /* CodeBase */,
				D0CEAF4428AB1FCD00F30EF2 /* ViewController.swift */,
				D0CEAF4628AB1FCD00F30EF2 /* Main.storyboard */,
				D0CEAF4928AB1FCD00F30EF2 /* Assets.xcassets */,
				D0CEAF4B28AB1FCD00F30EF2 /* LaunchScreen.storyboard */,
				D0CEAF4E28AB1FCD00F30EF2 /* Info.plist */,
			);
			path = SeSacWeek7Diary;
			sourceTree = "<group>";
		};
		D0E6E61728ACCFE0008B0C4F /* Extension */ = {
			isa = PBXGroup;
			children = (
				D0E6E61828ACCFEB008B0C4F /* UIButton+Extension.swift */,
				D096F7C228ADDF1400BCBC4C /* UIViewController+Extension.swift */,
			);
			path = Extension;
			sourceTree = "<group>";
		};
		D0F8381928AB20E5006BFBC7 /* Frameworks */ = {
			isa = PBXGroup;
			children = (
			);
			name = Frameworks;
			sourceTree = "<group>";
		};
		D0F8382628AB2C54006BFBC7 /* Products */ = {
			isa = PBXGroup;
			children = (
				D0F8382B28AB2C54006BFBC7 /* SeSacUIFramwork.framework */,
				D0F8382D28AB2C54006BFBC7 /* SeSacUIFramworkTests.xctest */,
			);
			name = Products;
			sourceTree = "<group>";
		};
		D0F8383028AB3A4C006BFBC7 /* WalkThrough */ = {
			isa = PBXGroup;
			children = (
				D0F8383128AB3A6D006BFBC7 /* WalkThrough.storyboard */,
				D0F8383328AB3A91006BFBC7 /* FirstViewController.swift */,
				D0F8383528AB40C1006BFBC7 /* SecondViewController.swift */,
				D0F8383728AB40CD006BFBC7 /* ThirdViewController.swift */,
				D0F8383928AB40E8006BFBC7 /* WalkThroughViewController.swift */,
			);
			path = WalkThrough;
			sourceTree = "<group>";
		};
/* End PBXGroup section */

/* Begin PBXNativeTarget section */
		D0CEAF3C28AB1FCD00F30EF2 /* SeSacWeek7Diary */ = {
			isa = PBXNativeTarget;
			buildConfigurationList = D0CEAF5128AB1FCD00F30EF2 /* Build configuration list for PBXNativeTarget "SeSacWeek7Diary" */;
			buildPhases = (
				D0CEAF3928AB1FCD00F30EF2 /* Sources */,
				D0CEAF3A28AB1FCD00F30EF2 /* Frameworks */,
				D0CEAF3B28AB1FCD00F30EF2 /* Resources */,
				D0F8381E28AB20E5006BFBC7 /* Embed Frameworks */,
			);
			buildRules = (
			);
			dependencies = (
			);
			name = SeSacWeek7Diary;
			packageProductDependencies = (
				D08F88D928AC81B200441952 /* SnapKit */,
			);
			productName = SeSacWeek7Diary;
			productReference = D0CEAF3D28AB1FCD00F30EF2 /* SeSacWeek7Diary.app */;
			productType = "com.apple.product-type.application";
		};
/* End PBXNativeTarget section */

/* Begin PBXProject section */
		D0CEAF3528AB1FCD00F30EF2 /* Project object */ = {
			isa = PBXProject;
			attributes = {
				BuildIndependentTargetsInParallel = 1;
				LastSwiftUpdateCheck = 1340;
				LastUpgradeCheck = 1340;
				TargetAttributes = {
					D0CEAF3C28AB1FCD00F30EF2 = {
						CreatedOnToolsVersion = 13.4.1;
					};
				};
			};
			buildConfigurationList = D0CEAF3828AB1FCD00F30EF2 /* Build configuration list for PBXProject "SeSacWeek7Diary" */;
			compatibilityVersion = "Xcode 13.0";
			developmentRegion = en;
			hasScannedForEncodings = 0;
			knownRegions = (
				en,
				Base,
			);
			mainGroup = D0CEAF3428AB1FCD00F30EF2;
			packageReferences = (
				D08F88D828AC81B200441952 /* XCRemoteSwiftPackageReference "SnapKit" */,
			);
			productRefGroup = D0CEAF3E28AB1FCD00F30EF2 /* Products */;
			projectDirPath = "";
			projectReferences = (
				{
					ProductGroup = D0F8382628AB2C54006BFBC7 /* Products */;
					ProjectRef = D0F8382528AB2C54006BFBC7 /* SeSacUIFramwork.xcodeproj */;
				},
			);
			projectRoot = "";
			targets = (
				D0CEAF3C28AB1FCD00F30EF2 /* SeSacWeek7Diary */,
			);
		};
/* End PBXProject section */

/* Begin PBXReferenceProxy section */
		D0F8382B28AB2C54006BFBC7 /* SeSacUIFramwork.framework */ = {
			isa = PBXReferenceProxy;
			fileType = wrapper.framework;
			path = SeSacUIFramwork.framework;
			remoteRef = D0F8382A28AB2C54006BFBC7 /* PBXContainerItemProxy */;
			sourceTree = BUILT_PRODUCTS_DIR;
		};
		D0F8382D28AB2C54006BFBC7 /* SeSacUIFramworkTests.xctest */ = {
			isa = PBXReferenceProxy;
			fileType = wrapper.cfbundle;
			path = SeSacUIFramworkTests.xctest;
			remoteRef = D0F8382C28AB2C54006BFBC7 /* PBXContainerItemProxy */;
			sourceTree = BUILT_PRODUCTS_DIR;
		};
/* End PBXReferenceProxy section */

/* Begin PBXResourcesBuildPhase section */
		D0CEAF3B28AB1FCD00F30EF2 /* Resources */ = {
			isa = PBXResourcesBuildPhase;
			buildActionMask = 2147483647;
			files = (
				D0CEAF4D28AB1FCD00F30EF2 /* LaunchScreen.storyboard in Resources */,
				D0F8383228AB3A6D006BFBC7 /* WalkThrough.storyboard in Resources */,
				D0CEAF4A28AB1FCD00F30EF2 /* Assets.xcassets in Resources */,
				D0CEAF4828AB1FCD00F30EF2 /* Main.storyboard in Resources */,
			);
			runOnlyForDeploymentPostprocessing = 0;
		};
/* End PBXResourcesBuildPhase section */

/* Begin PBXSourcesBuildPhase section */
		D0CEAF3928AB1FCD00F30EF2 /* Sources */ = {
			isa = PBXSourcesBuildPhase;
			buildActionMask = 2147483647;
			files = (
				D0A4F5CE28AF1443004E0B13 /* WriteViewController.swift in Sources */,
				D0E6E61B28ACF10D008B0C4F /* CodeBaseBeminViewController.swift in Sources */,
				D0A09F5D28AF7854005D7429 /* WhiteTextButton.swift in Sources */,
				D0A09F5A28AF6B95005D7429 /* NetflixView.swift in Sources */,
				D0CEAF4528AB1FCD00F30EF2 /* ViewController.swift in Sources */,
				D0CEAF4128AB1FCD00F30EF2 /* AppDelegate.swift in Sources */,
				D08F88DE28AC8C0F00441952 /* CodeSnap2ViewController.swift in Sources */,
				D096F7C328ADDF1400BCBC4C /* UIViewController+Extension.swift in Sources */,
				D0A09F6128AF9038005D7429 /* CircleImageView.swift in Sources */,
				D0CEAF4328AB1FCD00F30EF2 /* SceneDelegate.swift in Sources */,
				D0F8383628AB40C1006BFBC7 /* SecondViewController.swift in Sources */,
				D0A4F5CB28AF1275004E0B13 /* BaseViewController.swift in Sources */,
				D0E6E61928ACCFEB008B0C4F /* UIButton+Extension.swift in Sources */,
				D0A4F5D628AF2CFE004E0B13 /* BlackRadiusTextField.swift in Sources */,
				D08F88DC28AC823200441952 /* CodeSnapViewController.swift in Sources */,
				D0BB025828AE999B00B4EEB5 /* CodeBaseAppleMusicViewController.swift in Sources */,
				D00947EE28AFD05800B66DC4 /* SignUpView.swift in Sources */,
				D0A09F5528AF6AD0005D7429 /* NetflixViewController.swift in Sources */,
				D0A4F5D228AF179B004E0B13 /* WriteView.swift in Sources */,
				D0F8383828AB40CD006BFBC7 /* ThirdViewController.swift in Sources */,
				D0E6E61428ACBA27008B0C4F /* CodeBaseKakaoProfileViewController.swift in Sources */,
				D08F88D728AC71C300441952 /* CodeViewController.swift in Sources */,
				D096F7C728ADE60E00BCBC4C /* ProfileViewController.swift in Sources */,
				D00947F028AFD3CB00B66DC4 /* SignUpTextField.swift in Sources */,
				D0A4F5D028AF16AD004E0B13 /* BaseView.swift in Sources */,
				D0F8383A28AB40E8006BFBC7 /* WalkThroughViewController.swift in Sources */,
				D00947EC28AFD05000B66DC4 /* SignUpViewController.swift in Sources */,
				D0F8383428AB3A91006BFBC7 /* FirstViewController.swift in Sources */,
			);
			runOnlyForDeploymentPostprocessing = 0;
		};
/* End PBXSourcesBuildPhase section */

/* Begin PBXVariantGroup section */
		D0CEAF4628AB1FCD00F30EF2 /* Main.storyboard */ = {
			isa = PBXVariantGroup;
			children = (
				D0CEAF4728AB1FCD00F30EF2 /* Base */,
			);
			name = Main.storyboard;
			sourceTree = "<group>";
		};
		D0CEAF4B28AB1FCD00F30EF2 /* LaunchScreen.storyboard */ = {
			isa = PBXVariantGroup;
			children = (
				D0CEAF4C28AB1FCD00F30EF2 /* Base */,
			);
			name = LaunchScreen.storyboard;
			sourceTree = "<group>";
		};
/* End PBXVariantGroup section */

/* Begin XCBuildConfiguration section */
		D0CEAF4F28AB1FCD00F30EF2 /* Debug */ = {
			isa = XCBuildConfiguration;
			buildSettings = {
				ALWAYS_SEARCH_USER_PATHS = NO;
				CLANG_ANALYZER_NONNULL = YES;
				CLANG_ANALYZER_NUMBER_OBJECT_CONVERSION = YES_AGGRESSIVE;
				CLANG_CXX_LANGUAGE_STANDARD = "gnu++17";
				CLANG_ENABLE_MODULES = YES;
				CLANG_ENABLE_OBJC_ARC = YES;
				CLANG_ENABLE_OBJC_WEAK = YES;
				CLANG_WARN_BLOCK_CAPTURE_AUTORELEASING = YES;
				CLANG_WARN_BOOL_CONVERSION = YES;
				CLANG_WARN_COMMA = YES;
				CLANG_WARN_CONSTANT_CONVERSION = YES;
				CLANG_WARN_DEPRECATED_OBJC_IMPLEMENTATIONS = YES;
				CLANG_WARN_DIRECT_OBJC_ISA_USAGE = YES_ERROR;
				CLANG_WARN_DOCUMENTATION_COMMENTS = YES;
				CLANG_WARN_EMPTY_BODY = YES;
				CLANG_WARN_ENUM_CONVERSION = YES;
				CLANG_WARN_INFINITE_RECURSION = YES;
				CLANG_WARN_INT_CONVERSION = YES;
				CLANG_WARN_NON_LITERAL_NULL_CONVERSION = YES;
				CLANG_WARN_OBJC_IMPLICIT_RETAIN_SELF = YES;
				CLANG_WARN_OBJC_LITERAL_CONVERSION = YES;
				CLANG_WARN_OBJC_ROOT_CLASS = YES_ERROR;
				CLANG_WARN_QUOTED_INCLUDE_IN_FRAMEWORK_HEADER = YES;
				CLANG_WARN_RANGE_LOOP_ANALYSIS = YES;
				CLANG_WARN_STRICT_PROTOTYPES = YES;
				CLANG_WARN_SUSPICIOUS_MOVE = YES;
				CLANG_WARN_UNGUARDED_AVAILABILITY = YES_AGGRESSIVE;
				CLANG_WARN_UNREACHABLE_CODE = YES;
				CLANG_WARN__DUPLICATE_METHOD_MATCH = YES;
				COPY_PHASE_STRIP = NO;
				DEBUG_INFORMATION_FORMAT = dwarf;
				ENABLE_STRICT_OBJC_MSGSEND = YES;
				ENABLE_TESTABILITY = YES;
				GCC_C_LANGUAGE_STANDARD = gnu11;
				GCC_DYNAMIC_NO_PIC = NO;
				GCC_NO_COMMON_BLOCKS = YES;
				GCC_OPTIMIZATION_LEVEL = 0;
				GCC_PREPROCESSOR_DEFINITIONS = (
					"DEBUG=1",
					"$(inherited)",
				);
				GCC_WARN_64_TO_32_BIT_CONVERSION = YES;
				GCC_WARN_ABOUT_RETURN_TYPE = YES_ERROR;
				GCC_WARN_UNDECLARED_SELECTOR = YES;
				GCC_WARN_UNINITIALIZED_AUTOS = YES_AGGRESSIVE;
				GCC_WARN_UNUSED_FUNCTION = YES;
				GCC_WARN_UNUSED_VARIABLE = YES;
				IPHONEOS_DEPLOYMENT_TARGET = 15.5;
				MTL_ENABLE_DEBUG_INFO = INCLUDE_SOURCE;
				MTL_FAST_MATH = YES;
				ONLY_ACTIVE_ARCH = YES;
				SDKROOT = iphoneos;
				SWIFT_ACTIVE_COMPILATION_CONDITIONS = DEBUG;
				SWIFT_OPTIMIZATION_LEVEL = "-Onone";
			};
			name = Debug;
		};
		D0CEAF5028AB1FCD00F30EF2 /* Release */ = {
			isa = XCBuildConfiguration;
			buildSettings = {
				ALWAYS_SEARCH_USER_PATHS = NO;
				CLANG_ANALYZER_NONNULL = YES;
				CLANG_ANALYZER_NUMBER_OBJECT_CONVERSION = YES_AGGRESSIVE;
				CLANG_CXX_LANGUAGE_STANDARD = "gnu++17";
				CLANG_ENABLE_MODULES = YES;
				CLANG_ENABLE_OBJC_ARC = YES;
				CLANG_ENABLE_OBJC_WEAK = YES;
				CLANG_WARN_BLOCK_CAPTURE_AUTORELEASING = YES;
				CLANG_WARN_BOOL_CONVERSION = YES;
				CLANG_WARN_COMMA = YES;
				CLANG_WARN_CONSTANT_CONVERSION = YES;
				CLANG_WARN_DEPRECATED_OBJC_IMPLEMENTATIONS = YES;
				CLANG_WARN_DIRECT_OBJC_ISA_USAGE = YES_ERROR;
				CLANG_WARN_DOCUMENTATION_COMMENTS = YES;
				CLANG_WARN_EMPTY_BODY = YES;
				CLANG_WARN_ENUM_CONVERSION = YES;
				CLANG_WARN_INFINITE_RECURSION = YES;
				CLANG_WARN_INT_CONVERSION = YES;
				CLANG_WARN_NON_LITERAL_NULL_CONVERSION = YES;
				CLANG_WARN_OBJC_IMPLICIT_RETAIN_SELF = YES;
				CLANG_WARN_OBJC_LITERAL_CONVERSION = YES;
				CLANG_WARN_OBJC_ROOT_CLASS = YES_ERROR;
				CLANG_WARN_QUOTED_INCLUDE_IN_FRAMEWORK_HEADER = YES;
				CLANG_WARN_RANGE_LOOP_ANALYSIS = YES;
				CLANG_WARN_STRICT_PROTOTYPES = YES;
				CLANG_WARN_SUSPICIOUS_MOVE = YES;
				CLANG_WARN_UNGUARDED_AVAILABILITY = YES_AGGRESSIVE;
				CLANG_WARN_UNREACHABLE_CODE = YES;
				CLANG_WARN__DUPLICATE_METHOD_MATCH = YES;
				COPY_PHASE_STRIP = NO;
				DEBUG_INFORMATION_FORMAT = "dwarf-with-dsym";
				ENABLE_NS_ASSERTIONS = NO;
				ENABLE_STRICT_OBJC_MSGSEND = YES;
				GCC_C_LANGUAGE_STANDARD = gnu11;
				GCC_NO_COMMON_BLOCKS = YES;
				GCC_WARN_64_TO_32_BIT_CONVERSION = YES;
				GCC_WARN_ABOUT_RETURN_TYPE = YES_ERROR;
				GCC_WARN_UNDECLARED_SELECTOR = YES;
				GCC_WARN_UNINITIALIZED_AUTOS = YES_AGGRESSIVE;
				GCC_WARN_UNUSED_FUNCTION = YES;
				GCC_WARN_UNUSED_VARIABLE = YES;
				IPHONEOS_DEPLOYMENT_TARGET = 15.5;
				MTL_ENABLE_DEBUG_INFO = NO;
				MTL_FAST_MATH = YES;
				SDKROOT = iphoneos;
				SWIFT_COMPILATION_MODE = wholemodule;
				SWIFT_OPTIMIZATION_LEVEL = "-O";
				VALIDATE_PRODUCT = YES;
			};
			name = Release;
		};
		D0CEAF5228AB1FCD00F30EF2 /* Debug */ = {
			isa = XCBuildConfiguration;
			buildSettings = {
				ASSETCATALOG_COMPILER_APPICON_NAME = AppIcon;
				ASSETCATALOG_COMPILER_GLOBAL_ACCENT_COLOR_NAME = AccentColor;
				CODE_SIGN_STYLE = Automatic;
				CURRENT_PROJECT_VERSION = 1;
				DEVELOPMENT_TEAM = PW2RLJT734;
				GENERATE_INFOPLIST_FILE = YES;
				INFOPLIST_FILE = SeSacWeek7Diary/Info.plist;
				INFOPLIST_KEY_UIApplicationSupportsIndirectInputEvents = YES;
				INFOPLIST_KEY_UILaunchStoryboardName = LaunchScreen;
				INFOPLIST_KEY_UIMainStoryboardFile = Main;
				INFOPLIST_KEY_UISupportedInterfaceOrientations_iPad = "UIInterfaceOrientationPortrait UIInterfaceOrientationPortraitUpsideDown UIInterfaceOrientationLandscapeLeft UIInterfaceOrientationLandscapeRight";
				INFOPLIST_KEY_UISupportedInterfaceOrientations_iPhone = "UIInterfaceOrientationPortrait UIInterfaceOrientationLandscapeLeft UIInterfaceOrientationLandscapeRight";
				IPHONEOS_DEPLOYMENT_TARGET = 15.5;
				LD_RUNPATH_SEARCH_PATHS = (
					"$(inherited)",
					"@executable_path/Frameworks",
				);
				MARKETING_VERSION = 1.0;
				PRODUCT_BUNDLE_IDENTIFIER = com.DongHee.SeSacWeek7Diary;
				PRODUCT_NAME = "$(TARGET_NAME)";
				SWIFT_EMIT_LOC_STRINGS = YES;
				SWIFT_VERSION = 5.0;
				TARGETED_DEVICE_FAMILY = 1;
			};
			name = Debug;
		};
		D0CEAF5328AB1FCD00F30EF2 /* Release */ = {
			isa = XCBuildConfiguration;
			buildSettings = {
				ASSETCATALOG_COMPILER_APPICON_NAME = AppIcon;
				ASSETCATALOG_COMPILER_GLOBAL_ACCENT_COLOR_NAME = AccentColor;
				CODE_SIGN_STYLE = Automatic;
				CURRENT_PROJECT_VERSION = 1;
				DEVELOPMENT_TEAM = PW2RLJT734;
				GENERATE_INFOPLIST_FILE = YES;
				INFOPLIST_FILE = SeSacWeek7Diary/Info.plist;
				INFOPLIST_KEY_UIApplicationSupportsIndirectInputEvents = YES;
				INFOPLIST_KEY_UILaunchStoryboardName = LaunchScreen;
				INFOPLIST_KEY_UIMainStoryboardFile = Main;
				INFOPLIST_KEY_UISupportedInterfaceOrientations_iPad = "UIInterfaceOrientationPortrait UIInterfaceOrientationPortraitUpsideDown UIInterfaceOrientationLandscapeLeft UIInterfaceOrientationLandscapeRight";
				INFOPLIST_KEY_UISupportedInterfaceOrientations_iPhone = "UIInterfaceOrientationPortrait UIInterfaceOrientationLandscapeLeft UIInterfaceOrientationLandscapeRight";
				IPHONEOS_DEPLOYMENT_TARGET = 15.5;
				LD_RUNPATH_SEARCH_PATHS = (
					"$(inherited)",
					"@executable_path/Frameworks",
				);
				MARKETING_VERSION = 1.0;
				PRODUCT_BUNDLE_IDENTIFIER = com.DongHee.SeSacWeek7Diary;
				PRODUCT_NAME = "$(TARGET_NAME)";
				SWIFT_EMIT_LOC_STRINGS = YES;
				SWIFT_VERSION = 5.0;
				TARGETED_DEVICE_FAMILY = 1;
			};
			name = Release;
		};
/* End XCBuildConfiguration section */

/* Begin XCConfigurationList section */
		D0CEAF3828AB1FCD00F30EF2 /* Build configuration list for PBXProject "SeSacWeek7Diary" */ = {
			isa = XCConfigurationList;
			buildConfigurations = (
				D0CEAF4F28AB1FCD00F30EF2 /* Debug */,
				D0CEAF5028AB1FCD00F30EF2 /* Release */,
			);
			defaultConfigurationIsVisible = 0;
			defaultConfigurationName = Release;
		};
		D0CEAF5128AB1FCD00F30EF2 /* Build configuration list for PBXNativeTarget "SeSacWeek7Diary" */ = {
			isa = XCConfigurationList;
			buildConfigurations = (
				D0CEAF5228AB1FCD00F30EF2 /* Debug */,
				D0CEAF5328AB1FCD00F30EF2 /* Release */,
			);
			defaultConfigurationIsVisible = 0;
			defaultConfigurationName = Release;
		};
/* End XCConfigurationList section */

/* Begin XCRemoteSwiftPackageReference section */
		D08F88D828AC81B200441952 /* XCRemoteSwiftPackageReference "SnapKit" */ = {
			isa = XCRemoteSwiftPackageReference;
			repositoryURL = "https://github.com/SnapKit/SnapKit.git";
			requirement = {
				kind = upToNextMajorVersion;
				minimumVersion = 5.0.0;
			};
		};
/* End XCRemoteSwiftPackageReference section */

/* Begin XCSwiftPackageProductDependency section */
		D08F88D928AC81B200441952 /* SnapKit */ = {
			isa = XCSwiftPackageProductDependency;
			package = D08F88D828AC81B200441952 /* XCRemoteSwiftPackageReference "SnapKit" */;
			productName = SnapKit;
		};
/* End XCSwiftPackageProductDependency section */
	};
	rootObject = D0CEAF3528AB1FCD00F30EF2 /* Project object */;
}
